# This file is automatically @generated by Cargo.
# It is not intended for manual editing.
version = 4

[[package]]
name = "nosh-cli"
version = "0.1.0"

[[package]]
name = "nosh-core"
version = "0.1.0"

[[package]]
name = "nosh-hub"
version = "0.1.0"

[[package]]
name = "nosh-llm"
version = "0.1.0"

[[package]]
name = "nosh-permissions"
version = "0.1.0"

[[package]]
name = "nosh-shell"
version = "0.1.0"

[[package]]
name = "nosh-tests"
version = "0.1.0"
